
Microsoft Visual Studio Solution File, Format Version 12.00
# Visual Studio 15
VisualStudioVersion = 15.0.27130.2010
MinimumVisualStudioVersion = 10.0.40219.1
Project("{FAE04EC0-301F-11D3-BF4B-00C04F79EFBC}") = "Serilog.LevelSwitcher", "src\Serilog.LevelSwitcher\Serilog.LevelSwitcher.csproj", "{6F700DF9-D93B-4C91-BB7C-36351BE8AA67}"
EndProject
Global
	GlobalSection(SolutionConfigurationPlatforms) = preSolution
		Debug|Any CPU = Debug|Any CPU
		Release|Any CPU = Release|Any CPU
	EndGlobalSection
	GlobalSection(ProjectConfigurationPlatforms) = postSolution
		{6F700DF9-D93B-4C91-BB7C-36351BE8AA67}.Debug|Any CPU.ActiveCfg = Debug|Any CPU
		{6F700DF9-D93B-4C91-BB7C-36351BE8AA67}.Debug|Any CPU.Build.0 = Debug|Any CPU
		{6F700DF9-D93B-4C91-BB7C-36351BE8AA67}.Release|Any CPU.ActiveCfg = Release|Any CPU
		{6F700DF9-D93B-4C91-BB7C-36351BE8AA67}.Release|Any CPU.Build.0 = Release|Any CPU
	EndGlobalSection
	GlobalSection(SolutionProperties) = preSolution
		HideSolutionNode = FALSE
	EndGlobalSection
	GlobalSection(ExtensibilityGlobals) = postSolution
		SolutionGuid = {3AB60457-A6C0-48D8-8AED-D6F390C221EB}
	EndGlobalSection
EndGlobal
